// !$*UTF8*$!
{
	archiveVersion = 1;
	classes = {
	};
	objectVersion = 46;
	objects = {

/* Begin PBXBuildFile section */
		E5B2D24A1FADD1390076662C /* AppDelegate.swift in Sources */ = {isa = PBXBuildFile; fileRef = E5B2D2491FADD1390076662C /* AppDelegate.swift */; };
		E5B2D24C1FADD1390076662C /* ViewController.swift in Sources */ = {isa = PBXBuildFile; fileRef = E5B2D24B1FADD1390076662C /* ViewController.swift */; };
		E5B2D24F1FADD1390076662C /* Main.storyboard in Resources */ = {isa = PBXBuildFile; fileRef = E5B2D24D1FADD1390076662C /* Main.storyboard */; };
		E5B2D2511FADD1390076662C /* Assets.xcassets in Resources */ = {isa = PBXBuildFile; fileRef = E5B2D2501FADD1390076662C /* Assets.xcassets */; };
		E5B2D2541FADD1390076662C /* LaunchScreen.storyboard in Resources */ = {isa = PBXBuildFile; fileRef = E5B2D2521FADD1390076662C /* LaunchScreen.storyboard */; };
		E5B2D25F1FADD1390076662C /* YapMglTests.swift in Sources */ = {isa = PBXBuildFile; fileRef = E5B2D25E1FADD1390076662C /* YapMglTests.swift */; };
		E5B2D26A1FADD1390076662C /* YapMglUITests.swift in Sources */ = {isa = PBXBuildFile; fileRef = E5B2D2691FADD1390076662C /* YapMglUITests.swift */; };
/* End PBXBuildFile section */

/* Begin PBXContainerItemProxy section */
		E5B2D25B1FADD1390076662C /* PBXContainerItemProxy */ = {
			isa = PBXContainerItemProxy;
			containerPortal = E5B2D23E1FADD1380076662C /* Project object */;
			proxyType = 1;
			remoteGlobalIDString = E5B2D2451FADD1380076662C;
			remoteInfo = YapMgl;
		};
		E5B2D2661FADD1390076662C /* PBXContainerItemProxy */ = {
			isa = PBXContainerItemProxy;
			containerPortal = E5B2D23E1FADD1380076662C /* Project object */;
			proxyType = 1;
			remoteGlobalIDString = E5B2D2451FADD1380076662C;
			remoteInfo = YapMgl;
		};
/* End PBXContainerItemProxy section */

/* Begin PBXFileReference section */
		E5B2D2461FADD1390076662C /* YapMgl.app */ = {isa = PBXFileReference; explicitFileType = wrapper.application; includeInIndex = 0; path = YapMgl.app; sourceTree = BUILT_PRODUCTS_DIR; };
		E5B2D2491FADD1390076662C /* AppDelegate.swift */ = {isa = PBXFileReference; lastKnownFileType = sourcecode.swift; path = AppDelegate.swift; sourceTree = "<group>"; };
		E5B2D24B1FADD1390076662C /* ViewController.swift */ = {isa = PBXFileReference; lastKnownFileType = sourcecode.swift; path = ViewController.swift; sourceTree = "<group>"; };
		E5B2D24E1FADD1390076662C /* Base */ = {isa = PBXFileReference; lastKnownFileType = file.storyboard; name = Base; path = Base.lproj/Main.storyboard; sourceTree = "<group>"; };
		E5B2D2501FADD1390076662C /* Assets.xcassets */ = {isa = PBXFileReference; lastKnownFileType = folder.assetcatalog; path = Assets.xcassets; sourceTree = "<group>"; };
		E5B2D2531FADD1390076662C /* Base */ = {isa = PBXFileReference; lastKnownFileType = file.storyboard; name = Base; path = Base.lproj/LaunchScreen.storyboard; sourceTree = "<group>"; };
		E5B2D2551FADD1390076662C /* Info.plist */ = {isa = PBXFileReference; lastKnownFileType = text.plist.xml; path = Info.plist; sourceTree = "<group>"; };
		E5B2D25A1FADD1390076662C /* YapMglTests.xctest */ = {isa = PBXFileReference; explicitFileType = wrapper.cfbundle; includeInIndex = 0; path = YapMglTests.xctest; sourceTree = BUILT_PRODUCTS_DIR; };
		E5B2D25E1FADD1390076662C /* YapMglTests.swift */ = {isa = PBXFileReference; lastKnownFileType = sourcecode.swift; path = YapMglTests.swift; sourceTree = "<group>"; };
		E5B2D2601FADD1390076662C /* Info.plist */ = {isa = PBXFileReference; lastKnownFileType = text.plist.xml; path = Info.plist; sourceTree = "<group>"; };
		E5B2D2651FADD1390076662C /* YapMglUITests.xctest */ = {isa = PBXFileReference; explicitFileType = wrapper.cfbundle; includeInIndex = 0; path = YapMglUITests.xctest; sourceTree = BUILT_PRODUCTS_DIR; };
		E5B2D2691FADD1390076662C /* YapMglUITests.swift */ = {isa = PBXFileReference; lastKnownFileType = sourcecode.swift; path = YapMglUITests.swift; sourceTree = "<group>"; };
		E5B2D26B1FADD1390076662C /* Info.plist */ = {isa = PBXFileReference; lastKnownFileType = text.plist.xml; path = Info.plist; sourceTree = "<group>"; };
/* End PBXFileReference section */

/* Begin PBXFrameworksBuildPhase section */
		E5B2D2431FADD1380076662C /* Frameworks */ = {
			isa = PBXFrameworksBuildPhase;
			buildActionMask = 2147483647;
			files = (
			);
			runOnlyForDeploymentPostprocessing = 0;
		};
		E5B2D2571FADD1390076662C /* Frameworks */ = {
			isa = PBXFrameworksBuildPhase;
			buildActionMask = 2147483647;
			files = (
			);
			runOnlyForDeploymentPostprocessing = 0;
		};
		E5B2D2621FADD1390076662C /* Frameworks */ = {
			isa = PBXFrameworksBuildPhase;
			buildActionMask = 2147483647;
			files = (
			);
			runOnlyForDeploymentPostprocessing = 0;
		};
/* End PBXFrameworksBuildPhase section */

/* Begin PBXGroup section */
		E5B2D23D1FADD1380076662C = {
			isa = PBXGroup;
			children = (
				E5B2D2481FADD1390076662C /* YapMgl */,
				E5B2D25D1FADD1390076662C /* YapMglTests */,
				E5B2D2681FADD1390076662C /* YapMglUITests */,
				E5B2D2471FADD1390076662C /* Products */,
			);
			sourceTree = "<group>";
		};
		E5B2D2471FADD1390076662C /* Products */ = {
			isa = PBXGroup;
			children = (
				E5B2D2461FADD1390076662C /* YapMgl.app */,
				E5B2D25A1FADD1390076662C /* YapMglTests.xctest */,
				E5B2D2651FADD1390076662C /* YapMglUITests.xctest */,
			);
			name = Products;
			sourceTree = "<group>";
		};
		E5B2D2481FADD1390076662C /* YapMgl */ = {
			isa = PBXGroup;
			children = (
				E5B2D2491FADD1390076662C /* AppDelegate.swift */,
				E5B2D24B1FADD1390076662C /* ViewController.swift */,
				E5B2D24D1FADD1390076662C /* Main.storyboard */,
				E5B2D2501FADD1390076662C /* Assets.xcassets */,
				E5B2D2521FADD1390076662C /* LaunchScreen.storyboard */,
				E5B2D2551FADD1390076662C /* Info.plist */,
			);
			path = YapMgl;
			sourceTree = "<group>";
		};
		E5B2D25D1FADD1390076662C /* YapMglTests */ = {
			isa = PBXGroup;
			children = (
				E5B2D25E1FADD1390076662C /* YapMglTests.swift */,
				E5B2D2601FADD1390076662C /* Info.plist */,
			);
			path = YapMglTests;
			sourceTree = "<group>";
		};
		E5B2D2681FADD1390076662C /* YapMglUITests */ = {
			isa = PBXGroup;
			children = (
				E5B2D2691FADD1390076662C /* YapMglUITests.swift */,
				E5B2D26B1FADD1390076662C /* Info.plist */,
			);
			path = YapMglUITests;
			sourceTree = "<group>";
		};
/* End PBXGroup section */

/* Begin PBXNativeTarget section */
		E5B2D2451FADD1380076662C /* YapMgl */ = {
			isa = PBXNativeTarget;
			buildConfigurationList = E5B2D26E1FADD1390076662C /* Build configuration list for PBXNativeTarget "YapMgl" */;
			buildPhases = (
				E5B2D2421FADD1380076662C /* Sources */,
				E5B2D2431FADD1380076662C /* Frameworks */,
				E5B2D2441FADD1380076662C /* Resources */,
			);
			buildRules = (
			);
			dependencies = (
			);
			name = YapMgl;
			productName = YapMgl;
			productReference = E5B2D2461FADD1390076662C /* YapMgl.app */;
			productType = "com.apple.product-type.application";
		};
		E5B2D2591FADD1390076662C /* YapMglTests */ = {
			isa = PBXNativeTarget;
			buildConfigurationList = E5B2D2711FADD1390076662C /* Build configuration list for PBXNativeTarget "YapMglTests" */;
			buildPhases = (
				E5B2D2561FADD1390076662C /* Sources */,
				E5B2D2571FADD1390076662C /* Frameworks */,
				E5B2D2581FADD1390076662C /* Resources */,
			);
			buildRules = (
			);
			dependencies = (
				E5B2D25C1FADD1390076662C /* PBXTargetDependency */,
			);
			name = YapMglTests;
			productName = YapMglTests;
			productReference = E5B2D25A1FADD1390076662C /* YapMglTests.xctest */;
			productType = "com.apple.product-type.bundle.unit-test";
		};
		E5B2D2641FADD1390076662C /* YapMglUITests */ = {
			isa = PBXNativeTarget;
			buildConfigurationList = E5B2D2741FADD1390076662C /* Build configuration list for PBXNativeTarget "YapMglUITests" */;
			buildPhases = (
				E5B2D2611FADD1390076662C /* Sources */,
				E5B2D2621FADD1390076662C /* Frameworks */,
				E5B2D2631FADD1390076662C /* Resources */,
			);
			buildRules = (
			);
			dependencies = (
				E5B2D2671FADD1390076662C /* PBXTargetDependency */,
			);
			name = YapMglUITests;
			productName = YapMglUITests;
			productReference = E5B2D2651FADD1390076662C /* YapMglUITests.xctest */;
			productType = "com.apple.product-type.bundle.ui-testing";
		};
/* End PBXNativeTarget section */

/* Begin PBXProject section */
		E5B2D23E1FADD1380076662C /* Project object */ = {
			isa = PBXProject;
			attributes = {
				LastSwiftUpdateCheck = 0820;
				LastUpgradeCheck = 0820;
				ORGANIZATIONNAME = "額尓敦宝力格";
				TargetAttributes = {
					E5B2D2451FADD1380076662C = {
						CreatedOnToolsVersion = 8.2.1;
						ProvisioningStyle = Automatic;
					};
					E5B2D2591FADD1390076662C = {
						CreatedOnToolsVersion = 8.2.1;
						ProvisioningStyle = Automatic;
						TestTargetID = E5B2D2451FADD1380076662C;
					};
					E5B2D2641FADD1390076662C = {
						CreatedOnToolsVersion = 8.2.1;
						ProvisioningStyle = Automatic;
						TestTargetID = E5B2D2451FADD1380076662C;
					};
				};
			};
			buildConfigurationList = E5B2D2411FADD1380076662C /* Build configuration list for PBXProject "YapMgl" */;
			compatibilityVersion = "Xcode 3.2";
			developmentRegion = English;
			hasScannedForEncodings = 0;
			knownRegions = (
				en,
				Base,
			);
			mainGroup = E5B2D23D1FADD1380076662C;
			productRefGroup = E5B2D2471FADD1390076662C /* Products */;
			projectDirPath = "";
			projectRoot = "";
			targets = (
				E5B2D2451FADD1380076662C /* YapMgl */,
				E5B2D2591FADD1390076662C /* YapMglTests */,
				E5B2D2641FADD1390076662C /* YapMglUITests */,
			);
		};
/* End PBXProject section */

/* Begin PBXResourcesBuildPhase section */
		E5B2D2441FADD1380076662C /* Resources */ = {
			isa = PBXResourcesBuildPhase;
			buildActionMask = 2147483647;
			files = (
				E5B2D2541FADD1390076662C /* LaunchScreen.storyboard in Resources */,
				E5B2D2511FADD1390076662C /* Assets.xcassets in Resources */,
				E5B2D24F1FADD1390076662C /* Main.storyboard in Resources */,
			);
			runOnlyForDeploymentPostprocessing = 0;
		};
		E5B2D2581FADD1390076662C /* Resources */ = {
			isa = PBXResourcesBuildPhase;
			buildActionMask = 2147483647;
			files = (
			);
			runOnlyForDeploymentPostprocessing = 0;
		};
		E5B2D2631FADD1390076662C /* Resources */ = {
			isa = PBXResourcesBuildPhase;
			buildActionMask = 2147483647;
			files = (
			);
			runOnlyForDeploymentPostprocessing = 0;
		};
/* End PBXResourcesBuildPhase section */

/* Begin PBXSourcesBuildPhase section */
		E5B2D2421FADD1380076662C /* Sources */ = {
			isa = PBXSourcesBuildPhase;
			buildActionMask = 2147483647;
			files = (
				E5B2D24C1FADD1390076662C /* ViewController.swift in Sources */,
				E5B2D24A1FADD1390076662C /* AppDelegate.swift in Sources */,
			);
			runOnlyForDeploymentPostprocessing = 0;
		};
		E5B2D2561FADD1390076662C /* Sources */ = {
			isa = PBXSourcesBuildPhase;
			buildActionMask = 2147483647;
			files = (
				E5B2D25F1FADD1390076662C /* YapMglTests.swift in Sources */,
			);
			runOnlyForDeploymentPostprocessing = 0;
		};
		E5B2D2611FADD1390076662C /* Sources */ = {
			isa = PBXSourcesBuildPhase;
			buildActionMask = 2147483647;
			files = (
				E5B2D26A1FADD1390076662C /* YapMglUITests.swift in Sources */,
			);
			runOnlyForDeploymentPostprocessing = 0;
		};
/* End PBXSourcesBuildPhase section */

/* Begin PBXTargetDependency section */
		E5B2D25C1FADD1390076662C /* PBXTargetDependency */ = {
			isa = PBXTargetDependency;
			target = E5B2D2451FADD1380076662C /* YapMgl */;
			targetProxy = E5B2D25B1FADD1390076662C /* PBXContainerItemProxy */;
		};
		E5B2D2671FADD1390076662C /* PBXTargetDependency */ = {
			isa = PBXTargetDependency;
			target = E5B2D2451FADD1380076662C /* YapMgl */;
			targetProxy = E5B2D2661FADD1390076662C /* PBXContainerItemProxy */;
		};
/* End PBXTargetDependency section */

/* Begin PBXVariantGroup section */
		E5B2D24D1FADD1390076662C /* Main.storyboard */ = {
			isa = PBXVariantGroup;
			children = (
				E5B2D24E1FADD1390076662C /* Base */,
			);
			name = Main.storyboard;
			sourceTree = "<group>";
		};
		E5B2D2521FADD1390076662C /* LaunchScreen.storyboard */ = {
			isa = PBXVariantGroup;
			children = (
				E5B2D2531FADD1390076662C /* Base */,
			);
			name = LaunchScreen.storyboard;
			sourceTree = "<group>";
		};
/* End PBXVariantGroup section */

/* Begin XCBuildConfiguration section */
		E5B2D26C1FADD1390076662C /* Debug */ = {
			isa = XCBuildConfiguration;
			buildSettings = {
				ALWAYS_SEARCH_USER_PATHS = NO;
				CLANG_ANALYZER_NONNULL = YES;
				CLANG_CXX_LANGUAGE_STANDARD = "gnu++0x";
				CLANG_CXX_LIBRARY = "libc++";
				CLANG_ENABLE_MODULES = YES;
				CLANG_ENABLE_OBJC_ARC = YES;
				CLANG_WARN_BOOL_CONVERSION = YES;
				CLANG_WARN_CONSTANT_CONVERSION = YES;
				CLANG_WARN_DIRECT_OBJC_ISA_USAGE = YES_ERROR;
				CLANG_WARN_DOCUMENTATION_COMMENTS = YES;
				CLANG_WARN_EMPTY_BODY = YES;
				CLANG_WARN_ENUM_CONVERSION = YES;
				CLANG_WARN_INFINITE_RECURSION = YES;
				CLANG_WARN_INT_CONVERSION = YES;
				CLANG_WARN_OBJC_ROOT_CLASS = YES_ERROR;
				CLANG_WARN_SUSPICIOUS_MOVE = YES;
				CLANG_WARN_UNREACHABLE_CODE = YES;
				CLANG_WARN__DUPLICATE_METHOD_MATCH = YES;
				"CODE_SIGN_IDENTITY[sdk=iphoneos*]" = "iPhone Developer";
				COPY_PHASE_STRIP = NO;
				DEBUG_INFORMATION_FORMAT = dwarf;
				ENABLE_STRICT_OBJC_MSGSEND = YES;
				ENABLE_TESTABILITY = YES;
				GCC_C_LANGUAGE_STANDARD = gnu99;
				GCC_DYNAMIC_NO_PIC = NO;
				GCC_NO_COMMON_BLOCKS = YES;
				GCC_OPTIMIZATION_LEVEL = 0;
				GCC_PREPROCESSOR_DEFINITIONS = (
					"DEBUG=1",
					"$(inherited)",
				);
				GCC_WARN_64_TO_32_BIT_CONVERSION = YES;
				GCC_WARN_ABOUT_RETURN_TYPE = YES_ERROR;
				GCC_WARN_UNDECLARED_SELECTOR = YES;
				GCC_WARN_UNINITIALIZED_AUTOS = YES_AGGRESSIVE;
				GCC_WARN_UNUSED_FUNCTION = YES;
				GCC_WARN_UNUSED_VARIABLE = YES;
				IPHONEOS_DEPLOYMENT_TARGET = 10.2;
				MTL_ENABLE_DEBUG_INFO = YES;
				ONLY_ACTIVE_ARCH = YES;
				SDKROOT = iphoneos;
				SWIFT_ACTIVE_COMPILATION_CONDITIONS = DEBUG;
				SWIFT_OPTIMIZATION_LEVEL = "-Onone";
			};
			name = Debug;
		};
		E5B2D26D1FADD1390076662C /* Release */ = {
			isa = XCBuildConfiguration;
			buildSettings = {
				ALWAYS_SEARCH_USER_PATHS = NO;
				CLANG_ANALYZER_NONNULL = YES;
				CLANG_CXX_LANGUAGE_STANDARD = "gnu++0x";
				CLANG_CXX_LIBRARY = "libc++";
				CLANG_ENABLE_MODULES = YES;
				CLANG_ENABLE_OBJC_ARC = YES;
				CLANG_WARN_BOOL_CONVERSION = YES;
				CLANG_WARN_CONSTANT_CONVERSION = YES;
				CLANG_WARN_DIRECT_OBJC_ISA_USAGE = YES_ERROR;
				CLANG_WARN_DOCUMENTATION_COMMENTS = YES;
				CLANG_WARN_EMPTY_BODY = YES;
				CLANG_WARN_ENUM_CONVERSION = YES;
				CLANG_WARN_INFINITE_RECURSION = YES;
				CLANG_WARN_INT_CONVERSION = YES;
				CLANG_WARN_OBJC_ROOT_CLASS = YES_ERROR;
				CLANG_WARN_SUSPICIOUS_MOVE = YES;
				CLANG_WARN_UNREACHABLE_CODE = YES;
				CLANG_WARN__DUPLICATE_METHOD_MATCH = YES;
				"CODE_SIGN_IDENTITY[sdk=iphoneos*]" = "iPhone Developer";
				COPY_PHASE_STRIP = NO;
				DEBUG_INFORMATION_FORMAT = "dwarf-with-dsym";
				ENABLE_NS_ASSERTIONS = NO;
				ENABLE_STRICT_OBJC_MSGSEND = YES;
				GCC_C_LANGUAGE_STANDARD = gnu99;
				GCC_NO_COMMON_BLOCKS = YES;
				GCC_WARN_64_TO_32_BIT_CONVERSION = YES;
				GCC_WARN_ABOUT_RETURN_TYPE = YES_ERROR;
				GCC_WARN_UNDECLARED_SELECTOR = YES;
				GCC_WARN_UNINITIALIZED_AUTOS = YES_AGGRESSIVE;
				GCC_WARN_UNUSED_FUNCTION = YES;
				GCC_WARN_UNUSED_VARIABLE = YES;
				IPHONEOS_DEPLOYMENT_TARGET = 10.2;
				MTL_ENABLE_DEBUG_INFO = NO;
				SDKROOT = iphoneos;
				SWIFT_OPTIMIZATION_LEVEL = "-Owholemodule";
				VALIDATE_PRODUCT = YES;
			};
			name = Release;
		};
		E5B2D26F1FADD1390076662C /* Debug */ = {
			isa = XCBuildConfiguration;
			buildSettings = {
				ASSETCATALOG_COMPILER_APPICON_NAME = AppIcon;
				INFOPLIST_FILE = YapMgl/Info.plist;
				LD_RUNPATH_SEARCH_PATHS = "$(inherited) @executable_path/Frameworks";
				PRODUCT_BUNDLE_IDENTIFIER = takaraizumi.YapMgl;
				PRODUCT_NAME = "$(TARGET_NAME)";
				SWIFT_VERSION = 3.0;
			};
			name = Debug;
		};
		E5B2D2701FADD1390076662C /* Release */ = {
			isa = XCBuildConfiguration;
			buildSettings = {
				ASSETCATALOG_COMPILER_APPICON_NAME = AppIcon;
				INFOPLIST_FILE = YapMgl/Info.plist;
				LD_RUNPATH_SEARCH_PATHS = "$(inherited) @executable_path/Frameworks";
				PRODUCT_BUNDLE_IDENTIFIER = takaraizumi.YapMgl;
				PRODUCT_NAME = "$(TARGET_NAME)";
				SWIFT_VERSION = 3.0;
			};
			name = Release;
		};
		E5B2D2721FADD1390076662C /* Debug */ = {
			isa = XCBuildConfiguration;
			buildSettings = {
				ALWAYS_EMBED_SWIFT_STANDARD_LIBRARIES = YES;
				BUNDLE_LOADER = "$(TEST_HOST)";
				INFOPLIST_FILE = YapMglTests/Info.plist;
				LD_RUNPATH_SEARCH_PATHS = "$(inherited) @executable_path/Frameworks @loader_path/Frameworks";
				PRODUCT_BUNDLE_IDENTIFIER = takaraizumi.YapMglTests;
				PRODUCT_NAME = "$(TARGET_NAME)";
				SWIFT_VERSION = 3.0;
				TEST_HOST = "$(BUILT_PRODUCTS_DIR)/YapMgl.app/YapMgl";
			};
			name = Debug;
		};
		E5B2D2731FADD1390076662C /* Release */ = {
			isa = XCBuildConfiguration;
			buildSettings = {
				ALWAYS_EMBED_SWIFT_STANDARD_LIBRARIES = YES;
				BUNDLE_LOADER = "$(TEST_HOST)";
				INFOPLIST_FILE = YapMglTests/Info.plist;
				LD_RUNPATH_SEARCH_PATHS = "$(inherited) @executable_path/Frameworks @loader_path/Frameworks";
				PRODUCT_BUNDLE_IDENTIFIER = takaraizumi.YapMglTests;
				PRODUCT_NAME = "$(TARGET_NAME)";
				SWIFT_VERSION = 3.0;
				TEST_HOST = "$(BUILT_PRODUCTS_DIR)/YapMgl.app/YapMgl";
			};
			name = Release;
		};
		E5B2D2751FADD1390076662C /* Debug */ = {
			isa = XCBuildConfiguration;
			buildSettings = {
				ALWAYS_EMBED_SWIFT_STANDARD_LIBRARIES = YES;
				INFOPLIST_FILE = YapMglUITests/Info.plist;
				LD_RUNPATH_SEARCH_PATHS = "$(inherited) @executable_path/Frameworks @loader_path/Frameworks";
				PRODUCT_BUNDLE_IDENTIFIER = takaraizumi.YapMglUITests;
				PRODUCT_NAME = "$(TARGET_NAME)";
				SWIFT_VERSION = 3.0;
				TEST_TARGET_NAME = YapMgl;
			};
			name = Debug;
		};
		E5B2D2761FADD1390076662C /* Release */ = {
			isa = XCBuildConfiguration;
			buildSettings = {
				ALWAYS_EMBED_SWIFT_STANDARD_LIBRARIES = YES;
				INFOPLIST_FILE = YapMglUITests/Info.plist;
				LD_RUNPATH_SEARCH_PATHS = "$(inherited) @executable_path/Frameworks @loader_path/Frameworks";
				PRODUCT_BUNDLE_IDENTIFIER = takaraizumi.YapMglUITests;
				PRODUCT_NAME = "$(TARGET_NAME)";
				SWIFT_VERSION = 3.0;
				TEST_TARGET_NAME = YapMgl;
			};
			name = Release;
		};
/* End XCBuildConfiguration section */

/* Begin XCConfigurationList section */
		E5B2D2411FADD1380076662C /* Build configuration list for PBXProject "YapMgl" */ = {
			isa = XCConfigurationList;
			buildConfigurations = (
				E5B2D26C1FADD1390076662C /* Debug */,
				E5B2D26D1FADD1390076662C /* Release */,
			);
			defaultConfigurationIsVisible = 0;
			defaultConfigurationName = Release;
		};
		E5B2D26E1FADD1390076662C /* Build configuration list for PBXNativeTarget "YapMgl" */ = {
			isa = XCConfigurationList;
			buildConfigurations = (
				E5B2D26F1FADD1390076662C /* Debug */,
				E5B2D2701FADD1390076662C /* Release */,
			);
			defaultConfigurationIsVisible = 0;
		};
		E5B2D2711FADD1390076662C /* Build configuration list for PBXNativeTarget "YapMglTests" */ = {
			isa = XCConfigurationList;
			buildConfigurations = (
				E5B2D2721FADD1390076662C /* Debug */,
				E5B2D2731FADD1390076662C /* Release */,
			);
			defaultConfigurationIsVisible = 0;
		};
		E5B2D2741FADD1390076662C /* Build configuration list for PBXNativeTarget "YapMglUITests" */ = {
			isa = XCConfigurationList;
			buildConfigurations = (
				E5B2D2751FADD1390076662C /* Debug */,
				E5B2D2761FADD1390076662C /* Release */,
			);
			defaultConfigurationIsVisible = 0;
		};
/* End XCConfigurationList section */
	};
	rootObject = E5B2D23E1FADD1380076662C /* Project object */;
}
